
Microsoft Visual Studio Solution File, Format Version 12.00
# Visual Studio 15
VisualStudioVersion = 15.0.27703.2000
MinimumVisualStudioVersion = 10.0.40219.1
Project("{FAE04EC0-301F-11D3-BF4B-00C04F79EFBC}") = "OwinAndkatana", "OwinAndkatana\OwinAndkatana.csproj", "{B3A7F7ED-022D-4FA6-B259-C658DB908F9C}"
EndProject
Global
	GlobalSection(SolutionConfigurationPlatforms) = preSolution
		Debug|Any CPU = Debug|Any CPU
		Release|Any CPU = Release|Any CPU
	EndGlobalSection
	GlobalSection(ProjectConfigurationPlatforms) = postSolution
		{B3A7F7ED-022D-4FA6-B259-C658DB908F9C}.Debug|Any CPU.ActiveCfg = Debug|Any CPU
		{B3A7F7ED-022D-4FA6-B259-C658DB908F9C}.Debug|Any CPU.Build.0 = Debug|Any CPU
		{B3A7F7ED-022D-4FA6-B259-C658DB908F9C}.Release|Any CPU.ActiveCfg = Release|Any CPU
		{B3A7F7ED-022D-4FA6-B259-C658DB908F9C}.Release|Any CPU.Build.0 = Release|Any CPU
	EndGlobalSection
	GlobalSection(SolutionProperties) = preSolution
		HideSolutionNode = FALSE
	EndGlobalSection
	GlobalSection(ExtensibilityGlobals) = postSolution
		SolutionGuid = {976F0ED3-CA04-4175-8A9B-1B982470200A}
	EndGlobalSection
EndGlobal
